
Microsoft Visual Studio Solution File, Format Version 12.00
# Visual Studio Version 16
VisualStudioVersion = 16.0.30711.63
MinimumVisualStudioVersion = 10.0.40219.1
Project("{FAE04EC0-301F-11D3-BF4B-00C04F79EFBC}") = "Sprint06", "Sprint06.csproj", "{563AD22A-0788-4DB5-9439-373D0B94D01D}"
EndProject
Global
	GlobalSection(SolutionConfigurationPlatforms) = preSolution
		Debug|Any CPU = Debug|Any CPU
		Release|Any CPU = Release|Any CPU
	EndGlobalSection
	GlobalSection(ProjectConfigurationPlatforms) = postSolution
		{563AD22A-0788-4DB5-9439-373D0B94D01D}.Debug|Any CPU.ActiveCfg = Debug|Any CPU
		{563AD22A-0788-4DB5-9439-373D0B94D01D}.Debug|Any CPU.Build.0 = Debug|Any CPU
		{563AD22A-0788-4DB5-9439-373D0B94D01D}.Release|Any CPU.ActiveCfg = Release|Any CPU
		{563AD22A-0788-4DB5-9439-373D0B94D01D}.Release|Any CPU.Build.0 = Release|Any CPU
	EndGlobalSection
	GlobalSection(SolutionProperties) = preSolution
		HideSolutionNode = FALSE
	EndGlobalSection
	GlobalSection(ExtensibilityGlobals) = postSolution
		SolutionGuid = {82C79DFF-F308-48A4-B807-7BE5820EC2C3}
	EndGlobalSection
EndGlobal
