
Microsoft Visual Studio Solution File, Format Version 12.00
# Visual Studio Version 16
VisualStudioVersion = 16.0.30621.155
MinimumVisualStudioVersion = 10.0.40219.1
Project("{FAE04EC0-301F-11D3-BF4B-00C04F79EFBC}") = "Sprint02", "Sprint02.csproj", "{C83D2A08-FC36-40FC-A044-883FD26F4A89}"
EndProject
Global
	GlobalSection(SolutionConfigurationPlatforms) = preSolution
		Debug|Any CPU = Debug|Any CPU
		Release|Any CPU = Release|Any CPU
	EndGlobalSection
	GlobalSection(ProjectConfigurationPlatforms) = postSolution
		{C83D2A08-FC36-40FC-A044-883FD26F4A89}.Debug|Any CPU.ActiveCfg = Debug|Any CPU
		{C83D2A08-FC36-40FC-A044-883FD26F4A89}.Debug|Any CPU.Build.0 = Debug|Any CPU
		{C83D2A08-FC36-40FC-A044-883FD26F4A89}.Release|Any CPU.ActiveCfg = Release|Any CPU
		{C83D2A08-FC36-40FC-A044-883FD26F4A89}.Release|Any CPU.Build.0 = Release|Any CPU
	EndGlobalSection
	GlobalSection(SolutionProperties) = preSolution
		HideSolutionNode = FALSE
	EndGlobalSection
	GlobalSection(ExtensibilityGlobals) = postSolution
		SolutionGuid = {B40C4B21-3649-4654-8B4D-DB1940040DBE}
	EndGlobalSection
EndGlobal
